{
  "name": "remark42",
  "lockfileVersion": 3,
  "requires": true,
  "packages": {
    "": {
      "dependencies": {
        "pnpm": "^7.33.7"
      }
    },
    "node_modules/pnpm": {
      "version": "7.33.7",
      "resolved": "https://registry.npmjs.org/pnpm/-/pnpm-7.33.7.tgz",
      "integrity": "sha512-ev4kEGQrOcaY30baTOXHIxpczjYGmNafjPj0IlfUCz5D8jEFOwe43oSf1P+/SnH/V7g1E3d3o1I4jz09p0cgDg==",
      "license": "MIT",
      "bin": {
        "pnpm": "bin/pnpm.cjs",
        "pnpx": "bin/pnpx.cjs"
      },
      "engines": {
        "node": ">=14.6"
      },
      "funding": {
        "url": "https://opencollective.com/pnpm"
      }
    }
  }
}
